// !$*UTF8*$!
{
	archiveVersion = 1;
	classes = {
	};
	objectVersion = 48;
	objects = {

/* Begin PBXBuildFile section */
		BB614EDB2028D0F600EB8F70 /* AppDelegate.swift in Sources */ = {isa = PBXBuildFile; fileRef = BB614EDA2028D0F600EB8F70 /* AppDelegate.swift */; };
		BB614EDD2028D0F600EB8F70 /* ViewController.swift in Sources */ = {isa = PBXBuildFile; fileRef = BB614EDC2028D0F600EB8F70 /* ViewController.swift */; };
		BB614EE02028D0F600EB8F70 /* Main.storyboard in Resources */ = {isa = PBXBuildFile; fileRef = BB614EDE2028D0F600EB8F70 /* Main.storyboard */; };
		BB614EE22028D0F600EB8F70 /* Assets.xcassets in Resources */ = {isa = PBXBuildFile; fileRef = BB614EE12028D0F600EB8F70 /* Assets.xcassets */; };
		BB614EE52028D0F600EB8F70 /* LaunchScreen.storyboard in Resources */ = {isa = PBXBuildFile; fileRef = BB614EE32028D0F600EB8F70 /* LaunchScreen.storyboard */; };
		BB614EF02028D0F600EB8F70 /* EvacuAppTests.swift in Sources */ = {isa = PBXBuildFile; fileRef = BB614EEF2028D0F600EB8F70 /* EvacuAppTests.swift */; };
/* End PBXBuildFile section */

/* Begin PBXContainerItemProxy section */
		BB614EEC2028D0F600EB8F70 /* PBXContainerItemProxy */ = {
			isa = PBXContainerItemProxy;
			containerPortal = BB614ECF2028D0F600EB8F70 /* Project object */;
			proxyType = 1;
			remoteGlobalIDString = BB614ED62028D0F600EB8F70;
			remoteInfo = EvacuApp;
		};
/* End PBXContainerItemProxy section */

/* Begin PBXFileReference section */
		BB614ED72028D0F600EB8F70 /* EvacuApp.app */ = {isa = PBXFileReference; explicitFileType = wrapper.application; includeInIndex = 0; path = EvacuApp.app; sourceTree = BUILT_PRODUCTS_DIR; };
		BB614EDA2028D0F600EB8F70 /* AppDelegate.swift */ = {isa = PBXFileReference; lastKnownFileType = sourcecode.swift; path = AppDelegate.swift; sourceTree = "<group>"; };
		BB614EDC2028D0F600EB8F70 /* ViewController.swift */ = {isa = PBXFileReference; lastKnownFileType = sourcecode.swift; path = ViewController.swift; sourceTree = "<group>"; };
		BB614EDF2028D0F600EB8F70 /* Base */ = {isa = PBXFileReference; lastKnownFileType = file.storyboard; name = Base; path = Base.lproj/Main.storyboard; sourceTree = "<group>"; };
		BB614EE12028D0F600EB8F70 /* Assets.xcassets */ = {isa = PBXFileReference; lastKnownFileType = folder.assetcatalog; path = Assets.xcassets; sourceTree = "<group>"; };
		BB614EE42028D0F600EB8F70 /* Base */ = {isa = PBXFileReference; lastKnownFileType = file.storyboard; name = Base; path = Base.lproj/LaunchScreen.storyboard; sourceTree = "<group>"; };
		BB614EE62028D0F600EB8F70 /* Info.plist */ = {isa = PBXFileReference; lastKnownFileType = text.plist.xml; path = Info.plist; sourceTree = "<group>"; };
		BB614EEB2028D0F600EB8F70 /* EvacuAppTests.xctest */ = {isa = PBXFileReference; explicitFileType = wrapper.cfbundle; includeInIndex = 0; path = EvacuAppTests.xctest; sourceTree = BUILT_PRODUCTS_DIR; };
		BB614EEF2028D0F600EB8F70 /* EvacuAppTests.swift */ = {isa = PBXFileReference; lastKnownFileType = sourcecode.swift; path = EvacuAppTests.swift; sourceTree = "<group>"; };
		BB614EF12028D0F600EB8F70 /* Info.plist */ = {isa = PBXFileReference; lastKnownFileType = text.plist.xml; path = Info.plist; sourceTree = "<group>"; };
/* End PBXFileReference section */

/* Begin PBXFrameworksBuildPhase section */
		BB614ED42028D0F600EB8F70 /* Frameworks */ = {
			isa = PBXFrameworksBuildPhase;
			buildActionMask = 2147483647;
			files = (
			);
			runOnlyForDeploymentPostprocessing = 0;
		};
		BB614EE82028D0F600EB8F70 /* Frameworks */ = {
			isa = PBXFrameworksBuildPhase;
			buildActionMask = 2147483647;
			files = (
			);
			runOnlyForDeploymentPostprocessing = 0;
		};
/* End PBXFrameworksBuildPhase section */

/* Begin PBXGroup section */
		BB614ECE2028D0F600EB8F70 = {
			isa = PBXGroup;
			children = (
				BB614ED92028D0F600EB8F70 /* EvacuApp */,
				BB614EEE2028D0F600EB8F70 /* EvacuAppTests */,
				BB614ED82028D0F600EB8F70 /* Products */,
			);
			sourceTree = "<group>";
		};
		BB614ED82028D0F600EB8F70 /* Products */ = {
			isa = PBXGroup;
			children = (
				BB614ED72028D0F600EB8F70 /* EvacuApp.app */,
				BB614EEB2028D0F600EB8F70 /* EvacuAppTests.xctest */,
			);
			name = Products;
			sourceTree = "<group>";
		};
		BB614ED92028D0F600EB8F70 /* EvacuApp */ = {
			isa = PBXGroup;
			children = (
				BB614EDA2028D0F600EB8F70 /* AppDelegate.swift */,
				BB614EDC2028D0F600EB8F70 /* ViewController.swift */,
				BB614EDE2028D0F600EB8F70 /* Main.storyboard */,
				BB614EE12028D0F600EB8F70 /* Assets.xcassets */,
				BB614EE32028D0F600EB8F70 /* LaunchScreen.storyboard */,
				BB614EE62028D0F600EB8F70 /* Info.plist */,
			);
			path = EvacuApp;
			sourceTree = "<group>";
		};
		BB614EEE2028D0F600EB8F70 /* EvacuAppTests */ = {
			isa = PBXGroup;
			children = (
				BB614EEF2028D0F600EB8F70 /* EvacuAppTests.swift */,
				BB614EF12028D0F600EB8F70 /* Info.plist */,
			);
			path = EvacuAppTests;
			sourceTree = "<group>";
		};
/* End PBXGroup section */

/* Begin PBXNativeTarget section */
		BB614ED62028D0F600EB8F70 /* EvacuApp */ = {
			isa = PBXNativeTarget;
			buildConfigurationList = BB614EF42028D0F600EB8F70 /* Build configuration list for PBXNativeTarget "EvacuApp" */;
			buildPhases = (
				BB614ED32028D0F600EB8F70 /* Sources */,
				BB614ED42028D0F600EB8F70 /* Frameworks */,
				BB614ED52028D0F600EB8F70 /* Resources */,
			);
			buildRules = (
			);
			dependencies = (
			);
			name = EvacuApp;
			productName = EvacuApp;
			productReference = BB614ED72028D0F600EB8F70 /* EvacuApp.app */;
			productType = "com.apple.product-type.application";
		};
		BB614EEA2028D0F600EB8F70 /* EvacuAppTests */ = {
			isa = PBXNativeTarget;
			buildConfigurationList = BB614EF72028D0F600EB8F70 /* Build configuration list for PBXNativeTarget "EvacuAppTests" */;
			buildPhases = (
				BB614EE72028D0F600EB8F70 /* Sources */,
				BB614EE82028D0F600EB8F70 /* Frameworks */,
				BB614EE92028D0F600EB8F70 /* Resources */,
			);
			buildRules = (
			);
			dependencies = (
				BB614EED2028D0F600EB8F70 /* PBXTargetDependency */,
			);
			name = EvacuAppTests;
			productName = EvacuAppTests;
			productReference = BB614EEB2028D0F600EB8F70 /* EvacuAppTests.xctest */;
			productType = "com.apple.product-type.bundle.unit-test";
		};
/* End PBXNativeTarget section */

/* Begin PBXProject section */
		BB614ECF2028D0F600EB8F70 /* Project object */ = {
			isa = PBXProject;
			attributes = {
				LastSwiftUpdateCheck = 0920;
				LastUpgradeCheck = 0920;
				ORGANIZATIONNAME = "Talia Koch";
				TargetAttributes = {
					BB614ED62028D0F600EB8F70 = {
						CreatedOnToolsVersion = 9.2;
						ProvisioningStyle = Automatic;
					};
					BB614EEA2028D0F600EB8F70 = {
						CreatedOnToolsVersion = 9.2;
						ProvisioningStyle = Automatic;
						TestTargetID = BB614ED62028D0F600EB8F70;
					};
				};
			};
			buildConfigurationList = BB614ED22028D0F600EB8F70 /* Build configuration list for PBXProject "EvacuApp" */;
			compatibilityVersion = "Xcode 8.0";
			developmentRegion = en;
			hasScannedForEncodings = 0;
			knownRegions = (
				en,
				Base,
			);
			mainGroup = BB614ECE2028D0F600EB8F70;
			productRefGroup = BB614ED82028D0F600EB8F70 /* Products */;
			projectDirPath = "";
			projectRoot = "";
			targets = (
				BB614ED62028D0F600EB8F70 /* EvacuApp */,
				BB614EEA2028D0F600EB8F70 /* EvacuAppTests */,
			);
		};
/* End PBXProject section */

/* Begin PBXResourcesBuildPhase section */
		BB614ED52028D0F600EB8F70 /* Resources */ = {
			isa = PBXResourcesBuildPhase;
			buildActionMask = 2147483647;
			files = (
				BB614EE52028D0F600EB8F70 /* LaunchScreen.storyboard in Resources */,
				BB614EE22028D0F600EB8F70 /* Assets.xcassets in Resources */,
				BB614EE02028D0F600EB8F70 /* Main.storyboard in Resources */,
			);
			runOnlyForDeploymentPostprocessing = 0;
		};
		BB614EE92028D0F600EB8F70 /* Resources */ = {
			isa = PBXResourcesBuildPhase;
			buildActionMask = 2147483647;
			files = (
			);
			runOnlyForDeploymentPostprocessing = 0;
		};
/* End PBXResourcesBuildPhase section */

/* Begin PBXSourcesBuildPhase section */
		BB614ED32028D0F600EB8F70 /* Sources */ = {
			isa = PBXSourcesBuildPhase;
			buildActionMask = 2147483647;
			files = (
				BB614EDD2028D0F600EB8F70 /* ViewController.swift in Sources */,
				BB614EDB2028D0F600EB8F70 /* AppDelegate.swift in Sources */,
			);
			runOnlyForDeploymentPostprocessing = 0;
		};
		BB614EE72028D0F600EB8F70 /* Sources */ = {
			isa = PBXSourcesBuildPhase;
			buildActionMask = 2147483647;
			files = (
				BB614EF02028D0F600EB8F70 /* EvacuAppTests.swift in Sources */,
			);
			runOnlyForDeploymentPostprocessing = 0;
		};
/* End PBXSourcesBuildPhase section */

/* Begin PBXTargetDependency section */
		BB614EED2028D0F600EB8F70 /* PBXTargetDependency */ = {
			isa = PBXTargetDependency;
			target = BB614ED62028D0F600EB8F70 /* EvacuApp */;
			targetProxy = BB614EEC2028D0F600EB8F70 /* PBXContainerItemProxy */;
		};
/* End PBXTargetDependency section */

/* Begin PBXVariantGroup section */
		BB614EDE2028D0F600EB8F70 /* Main.storyboard */ = {
			isa = PBXVariantGroup;
			children = (
				BB614EDF2028D0F600EB8F70 /* Base */,
			);
			name = Main.storyboard;
			sourceTree = "<group>";
		};
		BB614EE32028D0F600EB8F70 /* LaunchScreen.storyboard */ = {
			isa = PBXVariantGroup;
			children = (
				BB614EE42028D0F600EB8F70 /* Base */,
			);
			name = LaunchScreen.storyboard;
			sourceTree = "<group>";
		};
/* End PBXVariantGroup section */

/* Begin XCBuildConfiguration section */
		BB614EF22028D0F600EB8F70 /* Debug */ = {
			isa = XCBuildConfiguration;
			buildSettings = {
				ALWAYS_SEARCH_USER_PATHS = NO;
				CLANG_ANALYZER_NONNULL = YES;
				CLANG_ANALYZER_NUMBER_OBJECT_CONVERSION = YES_AGGRESSIVE;
				CLANG_CXX_LANGUAGE_STANDARD = "gnu++14";
				CLANG_CXX_LIBRARY = "libc++";
				CLANG_ENABLE_MODULES = YES;
				CLANG_ENABLE_OBJC_ARC = YES;
				CLANG_WARN_BLOCK_CAPTURE_AUTORELEASING = YES;
				CLANG_WARN_BOOL_CONVERSION = YES;
				CLANG_WARN_COMMA = YES;
				CLANG_WARN_CONSTANT_CONVERSION = YES;
				CLANG_WARN_DIRECT_OBJC_ISA_USAGE = YES_ERROR;
				CLANG_WARN_DOCUMENTATION_COMMENTS = YES;
				CLANG_WARN_EMPTY_BODY = YES;
				CLANG_WARN_ENUM_CONVERSION = YES;
				CLANG_WARN_INFINITE_RECURSION = YES;
				CLANG_WARN_INT_CONVERSION = YES;
				CLANG_WARN_NON_LITERAL_NULL_CONVERSION = YES;
				CLANG_WARN_OBJC_LITERAL_CONVERSION = YES;
				CLANG_WARN_OBJC_ROOT_CLASS = YES_ERROR;
				CLANG_WARN_RANGE_LOOP_ANALYSIS = YES;
				CLANG_WARN_STRICT_PROTOTYPES = YES;
				CLANG_WARN_SUSPICIOUS_MOVE = YES;
				CLANG_WARN_UNGUARDED_AVAILABILITY = YES_AGGRESSIVE;
				CLANG_WARN_UNREACHABLE_CODE = YES;
				CLANG_WARN__DUPLICATE_METHOD_MATCH = YES;
				CODE_SIGN_IDENTITY = "iPhone Developer";
				COPY_PHASE_STRIP = NO;
				DEBUG_INFORMATION_FORMAT = dwarf;
				ENABLE_STRICT_OBJC_MSGSEND = YES;
				ENABLE_TESTABILITY = YES;
				GCC_C_LANGUAGE_STANDARD = gnu11;
				GCC_DYNAMIC_NO_PIC = NO;
				GCC_NO_COMMON_BLOCKS = YES;
				GCC_OPTIMIZATION_LEVEL = 0;
				GCC_PREPROCESSOR_DEFINITIONS = (
					"DEBUG=1",
					"$(inherited)",
				);
				GCC_WARN_64_TO_32_BIT_CONVERSION = YES;
				GCC_WARN_ABOUT_RETURN_TYPE = YES_ERROR;
				GCC_WARN_UNDECLARED_SELECTOR = YES;
				GCC_WARN_UNINITIALIZED_AUTOS = YES_AGGRESSIVE;
				GCC_WARN_UNUSED_FUNCTION = YES;
				GCC_WARN_UNUSED_VARIABLE = YES;
				IPHONEOS_DEPLOYMENT_TARGET = 11.2;
				MTL_ENABLE_DEBUG_INFO = YES;
				ONLY_ACTIVE_ARCH = YES;
				SDKROOT = iphoneos;
				SWIFT_ACTIVE_COMPILATION_CONDITIONS = DEBUG;
				SWIFT_OPTIMIZATION_LEVEL = "-Onone";
			};
			name = Debug;
		};
		BB614EF32028D0F600EB8F70 /* Release */ = {
			isa = XCBuildConfiguration;
			buildSettings = {
				ALWAYS_SEARCH_USER_PATHS = NO;
				CLANG_ANALYZER_NONNULL = YES;
				CLANG_ANALYZER_NUMBER_OBJECT_CONVERSION = YES_AGGRESSIVE;
				CLANG_CXX_LANGUAGE_STANDARD = "gnu++14";
				CLANG_CXX_LIBRARY = "libc++";
				CLANG_ENABLE_MODULES = YES;
				CLANG_ENABLE_OBJC_ARC = YES;
				CLANG_WARN_BLOCK_CAPTURE_AUTORELEASING = YES;
				CLANG_WARN_BOOL_CONVERSION = YES;
				CLANG_WARN_COMMA = YES;
				CLANG_WARN_CONSTANT_CONVERSION = YES;
				CLANG_WARN_DIRECT_OBJC_ISA_USAGE = YES_ERROR;
				CLANG_WARN_DOCUMENTATION_COMMENTS = YES;
				CLANG_WARN_EMPTY_BODY = YES;
				CLANG_WARN_ENUM_CONVERSION = YES;
				CLANG_WARN_INFINITE_RECURSION = YES;
				CLANG_WARN_INT_CONVERSION = YES;
				CLANG_WARN_NON_LITERAL_NULL_CONVERSION = YES;
				CLANG_WARN_OBJC_LITERAL_CONVERSION = YES;
				CLANG_WARN_OBJC_ROOT_CLASS = YES_ERROR;
				CLANG_WARN_RANGE_LOOP_ANALYSIS = YES;
				CLANG_WARN_STRICT_PROTOTYPES = YES;
				CLANG_WARN_SUSPICIOUS_MOVE = YES;
				CLANG_WARN_UNGUARDED_AVAILABILITY = YES_AGGRESSIVE;
				CLANG_WARN_UNREACHABLE_CODE = YES;
				CLANG_WARN__DUPLICATE_METHOD_MATCH = YES;
				CODE_SIGN_IDENTITY = "iPhone Developer";
				COPY_PHASE_STRIP = NO;
				DEBUG_INFORMATION_FORMAT = "dwarf-with-dsym";
				ENABLE_NS_ASSERTIONS = NO;
				ENABLE_STRICT_OBJC_MSGSEND = YES;
				GCC_C_LANGUAGE_STANDARD = gnu11;
				GCC_NO_COMMON_BLOCKS = YES;
				GCC_WARN_64_TO_32_BIT_CONVERSION = YES;
				GCC_WARN_ABOUT_RETURN_TYPE = YES_ERROR;
				GCC_WARN_UNDECLARED_SELECTOR = YES;
				GCC_WARN_UNINITIALIZED_AUTOS = YES_AGGRESSIVE;
				GCC_WARN_UNUSED_FUNCTION = YES;
				GCC_WARN_UNUSED_VARIABLE = YES;
				IPHONEOS_DEPLOYMENT_TARGET = 11.2;
				MTL_ENABLE_DEBUG_INFO = NO;
				SDKROOT = iphoneos;
				SWIFT_OPTIMIZATION_LEVEL = "-Owholemodule";
				VALIDATE_PRODUCT = YES;
			};
			name = Release;
		};
		BB614EF52028D0F600EB8F70 /* Debug */ = {
			isa = XCBuildConfiguration;
			buildSettings = {
				ASSETCATALOG_COMPILER_APPICON_NAME = AppIcon;
				CODE_SIGN_STYLE = Automatic;
				INFOPLIST_FILE = EvacuApp/Info.plist;
				LD_RUNPATH_SEARCH_PATHS = "$(inherited) @executable_path/Frameworks";
				PRODUCT_BUNDLE_IDENTIFIER = KKM.EvacuApp;
				PRODUCT_NAME = "$(TARGET_NAME)";
				SWIFT_VERSION = 4.0;
				TARGETED_DEVICE_FAMILY = "1,2";
			};
			name = Debug;
		};
		BB614EF62028D0F600EB8F70 /* Release */ = {
			isa = XCBuildConfiguration;
			buildSettings = {
				ASSETCATALOG_COMPILER_APPICON_NAME = AppIcon;
				CODE_SIGN_STYLE = Automatic;
				INFOPLIST_FILE = EvacuApp/Info.plist;
				LD_RUNPATH_SEARCH_PATHS = "$(inherited) @executable_path/Frameworks";
				PRODUCT_BUNDLE_IDENTIFIER = KKM.EvacuApp;
				PRODUCT_NAME = "$(TARGET_NAME)";
				SWIFT_VERSION = 4.0;
				TARGETED_DEVICE_FAMILY = "1,2";
			};
			name = Release;
		};
		BB614EF82028D0F600EB8F70 /* Debug */ = {
			isa = XCBuildConfiguration;
			buildSettings = {
				ALWAYS_EMBED_SWIFT_STANDARD_LIBRARIES = YES;
				BUNDLE_LOADER = "$(TEST_HOST)";
				CODE_SIGN_STYLE = Automatic;
				INFOPLIST_FILE = EvacuAppTests/Info.plist;
				LD_RUNPATH_SEARCH_PATHS = "$(inherited) @executable_path/Frameworks @loader_path/Frameworks";
				PRODUCT_BUNDLE_IDENTIFIER = KKM.EvacuAppTests;
				PRODUCT_NAME = "$(TARGET_NAME)";
				SWIFT_VERSION = 4.0;
				TARGETED_DEVICE_FAMILY = "1,2";
				TEST_HOST = "$(BUILT_PRODUCTS_DIR)/EvacuApp.app/EvacuApp";
			};
			name = Debug;
		};
		BB614EF92028D0F600EB8F70 /* Release */ = {
			isa = XCBuildConfiguration;
			buildSettings = {
				ALWAYS_EMBED_SWIFT_STANDARD_LIBRARIES = YES;
				BUNDLE_LOADER = "$(TEST_HOST)";
				CODE_SIGN_STYLE = Automatic;
				INFOPLIST_FILE = EvacuAppTests/Info.plist;
				LD_RUNPATH_SEARCH_PATHS = "$(inherited) @executable_path/Frameworks @loader_path/Frameworks";
				PRODUCT_BUNDLE_IDENTIFIER = KKM.EvacuAppTests;
				PRODUCT_NAME = "$(TARGET_NAME)";
				SWIFT_VERSION = 4.0;
				TARGETED_DEVICE_FAMILY = "1,2";
				TEST_HOST = "$(BUILT_PRODUCTS_DIR)/EvacuApp.app/EvacuApp";
			};
			name = Release;
		};
/* End XCBuildConfiguration section */

/* Begin XCConfigurationList section */
		BB614ED22028D0F600EB8F70 /* Build configuration list for PBXProject "EvacuApp" */ = {
			isa = XCConfigurationList;
			buildConfigurations = (
				BB614EF22028D0F600EB8F70 /* Debug */,
				BB614EF32028D0F600EB8F70 /* Release */,
			);
			defaultConfigurationIsVisible = 0;
			defaultConfigurationName = Release;
		};
		BB614EF42028D0F600EB8F70 /* Build configuration list for PBXNativeTarget "EvacuApp" */ = {
			isa = XCConfigurationList;
			buildConfigurations = (
				BB614EF52028D0F600EB8F70 /* Debug */,
				BB614EF62028D0F600EB8F70 /* Release */,
			);
			defaultConfigurationIsVisible = 0;
			defaultConfigurationName = Release;
		};
		BB614EF72028D0F600EB8F70 /* Build configuration list for PBXNativeTarget "EvacuAppTests" */ = {
			isa = XCConfigurationList;
			buildConfigurations = (
				BB614EF82028D0F600EB8F70 /* Debug */,
				BB614EF92028D0F600EB8F70 /* Release */,
			);
			defaultConfigurationIsVisible = 0;
			defaultConfigurationName = Release;
		};
/* End XCConfigurationList section */
	};
	rootObject = BB614ECF2028D0F600EB8F70 /* Project object */;
}
